
Microsoft Visual Studio Solution File, Format Version 11.00
# Visual Studio 2010
Project("{FAE04EC0-301F-11D3-BF4B-00C04F79EFBC}") = "VersionOne.Web.Plugins", "VersionOne.Web.Plugins\VersionOne.Web.Plugins.csproj", "{34943C96-09F2-4099-93C9-691C7E9C2704}"
EndProject
Project("{FAE04EC0-301F-11D3-BF4B-00C04F79EFBC}") = "VersionOne.Web.Plugins.Interfaces", "VersionOne.Web.Plugins.Interfaces\VersionOne.Web.Plugins.Interfaces.csproj", "{BC87C081-A111-4E15-9E83-3712E3FB3014}"
EndProject
Project("{2150E333-8FDC-42A3-9474-1A3956D46DE8}") = ".nuget", ".nuget", "{09CB9772-C0BB-4495-8E43-D918E25C5E80}"
	ProjectSection(SolutionItems) = preProject
		.nuget\NuGet.Config = .nuget\NuGet.Config
		.nuget\NuGet.exe = .nuget\NuGet.exe
		.nuget\NuGet.targets = .nuget\NuGet.targets
	EndProjectSection
EndProject
Project("{FAE04EC0-301F-11D3-BF4B-00C04F79EFBC}") = "VersionOne.Web.Plugins.Tests", "VersionOne.Web.Plugins.Tests\VersionOne.Web.Plugins.Tests.csproj", "{33D0A762-503D-4AF5-971F-E49CD5CEFD1C}"
EndProject
Global
	GlobalSection(SolutionConfigurationPlatforms) = preSolution
		Debug|Any CPU = Debug|Any CPU
		Release|Any CPU = Release|Any CPU
	EndGlobalSection
	GlobalSection(ProjectConfigurationPlatforms) = postSolution
		{34943C96-09F2-4099-93C9-691C7E9C2704}.Debug|Any CPU.ActiveCfg = Debug|Any CPU
		{34943C96-09F2-4099-93C9-691C7E9C2704}.Debug|Any CPU.Build.0 = Debug|Any CPU
		{34943C96-09F2-4099-93C9-691C7E9C2704}.Release|Any CPU.ActiveCfg = Release|Any CPU
		{34943C96-09F2-4099-93C9-691C7E9C2704}.Release|Any CPU.Build.0 = Release|Any CPU
		{BC87C081-A111-4E15-9E83-3712E3FB3014}.Debug|Any CPU.ActiveCfg = Debug|Any CPU
		{BC87C081-A111-4E15-9E83-3712E3FB3014}.Debug|Any CPU.Build.0 = Debug|Any CPU
		{BC87C081-A111-4E15-9E83-3712E3FB3014}.Release|Any CPU.ActiveCfg = Release|Any CPU
		{BC87C081-A111-4E15-9E83-3712E3FB3014}.Release|Any CPU.Build.0 = Release|Any CPU
		{33D0A762-503D-4AF5-971F-E49CD5CEFD1C}.Debug|Any CPU.ActiveCfg = Debug|Any CPU
		{33D0A762-503D-4AF5-971F-E49CD5CEFD1C}.Debug|Any CPU.Build.0 = Debug|Any CPU
		{33D0A762-503D-4AF5-971F-E49CD5CEFD1C}.Release|Any CPU.ActiveCfg = Release|Any CPU
		{33D0A762-503D-4AF5-971F-E49CD5CEFD1C}.Release|Any CPU.Build.0 = Release|Any CPU
	EndGlobalSection
	GlobalSection(SolutionProperties) = preSolution
		HideSolutionNode = FALSE
	EndGlobalSection
EndGlobal
